
Microsoft Visual Studio Solution File, Format Version 12.00
# Visual Studio Version 17
VisualStudioVersion = 17.10.34928.147
MinimumVisualStudioVersion = 10.0.40219.1
Project("{FAE04EC0-301F-11D3-BF4B-00C04F79EFBC}") = "ViewModels", "ViewModels\ViewModels.csproj", "{4F75B771-A051-4E02-8524-590023B81C6F}"
EndProject
Project("{FAE04EC0-301F-11D3-BF4B-00C04F79EFBC}") = "WPFDotnetFramework", "WPFDotnetFramework\WPFDotnetFramework.csproj", "{41FA92C2-80B8-4B73-B48C-CF43CE7A063D}"
EndProject
Project("{FAE04EC0-301F-11D3-BF4B-00C04F79EFBC}") = "Abstraction", "Abstraction\Abstraction.csproj", "{BDFEE298-CE62-4D81-B8EA-31328DFFFADA}"
EndProject
Project("{FAE04EC0-301F-11D3-BF4B-00C04F79EFBC}") = "MauiDotNet8", "MauiDotNet8\MauiDotNet8.csproj", "{771A9521-F451-486C-B2D6-1C5D6C3BB1F0}"
EndProject
Global
	GlobalSection(SolutionConfigurationPlatforms) = preSolution
		Debug|Any CPU = Debug|Any CPU
		Release|Any CPU = Release|Any CPU
	EndGlobalSection
	GlobalSection(ProjectConfigurationPlatforms) = postSolution
		{4F75B771-A051-4E02-8524-590023B81C6F}.Debug|Any CPU.ActiveCfg = Debug|Any CPU
		{4F75B771-A051-4E02-8524-590023B81C6F}.Debug|Any CPU.Build.0 = Debug|Any CPU
		{4F75B771-A051-4E02-8524-590023B81C6F}.Release|Any CPU.ActiveCfg = Release|Any CPU
		{4F75B771-A051-4E02-8524-590023B81C6F}.Release|Any CPU.Build.0 = Release|Any CPU
		{41FA92C2-80B8-4B73-B48C-CF43CE7A063D}.Debug|Any CPU.ActiveCfg = Debug|Any CPU
		{41FA92C2-80B8-4B73-B48C-CF43CE7A063D}.Debug|Any CPU.Build.0 = Debug|Any CPU
		{41FA92C2-80B8-4B73-B48C-CF43CE7A063D}.Release|Any CPU.ActiveCfg = Release|Any CPU
		{41FA92C2-80B8-4B73-B48C-CF43CE7A063D}.Release|Any CPU.Build.0 = Release|Any CPU
		{BDFEE298-CE62-4D81-B8EA-31328DFFFADA}.Debug|Any CPU.ActiveCfg = Debug|Any CPU
		{BDFEE298-CE62-4D81-B8EA-31328DFFFADA}.Debug|Any CPU.Build.0 = Debug|Any CPU
		{BDFEE298-CE62-4D81-B8EA-31328DFFFADA}.Release|Any CPU.ActiveCfg = Release|Any CPU
		{BDFEE298-CE62-4D81-B8EA-31328DFFFADA}.Release|Any CPU.Build.0 = Release|Any CPU
		{771A9521-F451-486C-B2D6-1C5D6C3BB1F0}.Debug|Any CPU.ActiveCfg = Debug|Any CPU
		{771A9521-F451-486C-B2D6-1C5D6C3BB1F0}.Debug|Any CPU.Build.0 = Debug|Any CPU
		{771A9521-F451-486C-B2D6-1C5D6C3BB1F0}.Debug|Any CPU.Deploy.0 = Debug|Any CPU
		{771A9521-F451-486C-B2D6-1C5D6C3BB1F0}.Release|Any CPU.ActiveCfg = Release|Any CPU
		{771A9521-F451-486C-B2D6-1C5D6C3BB1F0}.Release|Any CPU.Build.0 = Release|Any CPU
		{771A9521-F451-486C-B2D6-1C5D6C3BB1F0}.Release|Any CPU.Deploy.0 = Release|Any CPU
	EndGlobalSection
	GlobalSection(SolutionProperties) = preSolution
		HideSolutionNode = FALSE
	EndGlobalSection
	GlobalSection(ExtensibilityGlobals) = postSolution
		SolutionGuid = {8F0ACC68-1982-4A4C-A8DD-2786FB755E2E}
	EndGlobalSection
EndGlobal
